
Microsoft Visual Studio Solution File, Format Version 12.00
# Visual Studio Version 16
VisualStudioVersion = 16.0.31702.278
MinimumVisualStudioVersion = 10.0.40219.1
Project("{FAE04EC0-301F-11D3-BF4B-00C04F79EFBC}") = "ATP_BYOD_ProductCategoryAssignments", "ATP_BYOD_ProductCategoryAssignments.csproj", "{7BDFB176-A605-49A7-8180-9A4C8F3EB0EB}"
EndProject
Global
	GlobalSection(SolutionConfigurationPlatforms) = preSolution
		Debug|Any CPU = Debug|Any CPU
		Release|Any CPU = Release|Any CPU
	EndGlobalSection
	GlobalSection(ProjectConfigurationPlatforms) = postSolution
		{7BDFB176-A605-49A7-8180-9A4C8F3EB0EB}.Debug|Any CPU.ActiveCfg = Debug|Any CPU
		{7BDFB176-A605-49A7-8180-9A4C8F3EB0EB}.Debug|Any CPU.Build.0 = Debug|Any CPU
		{7BDFB176-A605-49A7-8180-9A4C8F3EB0EB}.Release|Any CPU.ActiveCfg = Release|Any CPU
		{7BDFB176-A605-49A7-8180-9A4C8F3EB0EB}.Release|Any CPU.Build.0 = Release|Any CPU
	EndGlobalSection
	GlobalSection(SolutionProperties) = preSolution
		HideSolutionNode = FALSE
	EndGlobalSection
	GlobalSection(ExtensibilityGlobals) = postSolution
		SolutionGuid = {DC88A70A-D177-498D-B84D-DE74801FD122}
	EndGlobalSection
EndGlobal
